{
  "name": "angular-json-refs-interceptor",
  "version": "1.1.1",
  "lockfileVersion": 3,
  "requires": true,
  "packages": {
    "": {
      "name": "angular-json-refs-interceptor",
      "version": "1.1.1",
      "license": "ISC",
      "dependencies": {
        "@angular/common": "^16.0.2",
        "@angular/core": "^16.0.2",
        "jspon": "^1.0.1",
        "rxjs": "^7.4.0"
      },
      "devDependencies": {
        "typescript": "^5.1.6"
      }
    },
    "node_modules/@angular/common": {
      "version": "16.2.0",
      "resolved": "https://registry.npmjs.org/@angular/common/-/common-16.2.0.tgz",
      "integrity": "sha512-ByrDLsTBarzqRmq4GS841Ku0lvB4L2wfOCfGEIw2ZuiNbZlDA5O/qohQgJnHR5d9meVJnu9NgdbeyMzk90xZNg==",
      "dependencies": {
        "tslib": "^2.3.0"
      },
      "engines": {
        "node": "^16.14.0 || >=18.10.0"
      },
      "peerDependencies": {
        "@angular/core": "16.2.0",
        "rxjs": "^6.5.3 || ^7.4.0"
      }
    },
    "node_modules/@angular/core": {
      "version": "16.2.0",
      "resolved": "https://registry.npmjs.org/@angular/core/-/core-16.2.0.tgz",
      "integrity": "sha512-iwUWFw+JmRxw0chcNoqhXVR8XUTE+Rszhy22iSCkK0Jo8IJqEad1d2dQoFu1QfqOVdPMZtpJDmC/ppQ/f5c5aA==",
      "dependencies": {
        "tslib": "^2.3.0"
      },
      "engines": {
        "node": "^16.14.0 || >=18.10.0"
      },
      "peerDependencies": {
        "rxjs": "^6.5.3 || ^7.4.0",
        "zone.js": "~0.13.0"
      }
    },
    "node_modules/jspon": {
      "version": "1.0.1",
      "resolved": "https://registry.npmjs.org/jspon/-/jspon-1.0.1.tgz",
      "integrity": "sha512-MKinpqpz3O9hb1QMc+xTiImK07VImx2ZrRDYvftwglqiZYSILI/+uSy7GeNM+XOd3I/S9q55xuVKZ6r/eAIoJA=="
    },
    "node_modules/rxjs": {
      "version": "7.8.1",
      "resolved": "https://registry.npmjs.org/rxjs/-/rxjs-7.8.1.tgz",
      "integrity": "sha512-AA3TVj+0A2iuIoQkWEK/tqFjBq2j+6PO6Y0zJcvzLAFhEFIO3HL0vls9hWLncZbAAbK0mar7oZ4V079I/qPMxg==",
      "dependencies": {
        "tslib": "^2.1.0"
      }
    },
    "node_modules/tslib": {
      "version": "2.6.1",
      "resolved": "https://registry.npmjs.org/tslib/-/tslib-2.6.1.tgz",
      "integrity": "sha512-t0hLfiEKfMUoqhG+U1oid7Pva4bbDPHYfJNiB7BiIjRkj1pyC++4N3huJfqY6aRH6VTB0rvtzQwjM4K6qpfOig=="
    },
    "node_modules/typescript": {
      "version": "5.1.6",
      "resolved": "https://registry.npmjs.org/typescript/-/typescript-5.1.6.tgz",
      "integrity": "sha512-zaWCozRZ6DLEWAWFrVDz1H6FVXzUSfTy5FUMWsQlU8Ym5JP9eO4xkTIROFCQvhQf61z6O/G6ugw3SgAnvvm+HA==",
      "dev": true,
      "bin": {
        "tsc": "bin/tsc",
        "tsserver": "bin/tsserver"
      },
      "engines": {
        "node": ">=14.17"
      }
    }
  }
}
