{
  "name": "angular-json-refs-interceptor",
  "version": "1.0.0",
  "lockfileVersion": 1,
  "requires": true,
  "dependencies": {
    "@angular/common": {
      "version": "10.0.9",
      "resolved": "https://registry.npmjs.org/@angular/common/-/common-10.0.9.tgz",
      "integrity": "sha512-zg1xtTR8LwLXfTcXX0rL30ur1GKaf3Iu8FCQpfh0804Ezn5TeovuGg2zvf/O3igwmYzrym+a0JRMe4TZsAuJxQ==",
      "requires": {
        "tslib": "^2.0.0"
      }
    },
    "@angular/core": {
      "version": "10.0.9",
      "resolved": "https://registry.npmjs.org/@angular/core/-/core-10.0.9.tgz",
      "integrity": "sha512-sRod8RnARYmMy/uBmZyLxt5F3vYIvAkTEv48DFvCKJ6FN7zJPS7C7/dnnDv0JG7hNsX3jVXCsIRWJiCk0ycDGg==",
      "requires": {
        "tslib": "^2.0.0"
      }
    },
    "rxjs": {
      "version": "6.6.2",
      "resolved": "https://registry.npmjs.org/rxjs/-/rxjs-6.6.2.tgz",
      "integrity": "sha512-BHdBMVoWC2sL26w//BCu3YzKT4s2jip/WhwsGEDmeKYBhKDZeYezVUnHatYB7L85v5xs0BAQmg6BEYJEKxBabg==",
      "requires": {
        "tslib": "^1.9.0"
      },
      "dependencies": {
        "tslib": {
          "version": "1.13.0",
          "resolved": "https://registry.npmjs.org/tslib/-/tslib-1.13.0.tgz",
          "integrity": "sha512-i/6DQjL8Xf3be4K/E6Wgpekn5Qasl1usyw++dAA35Ue5orEn65VIxOA+YvNNl9HV3qv70T7CNwjODHZrLwvd1Q=="
        }
      }
    },
    "tslib": {
      "version": "2.0.1",
      "resolved": "https://registry.npmjs.org/tslib/-/tslib-2.0.1.tgz",
      "integrity": "sha512-SgIkNheinmEBgx1IUNirK0TUD4X9yjjBRTqqjggWCU3pUEqIk3/Uwl3yRixYKT6WjQuGiwDv4NomL3wqRCj+CQ=="
    }
  }
}
